
Microsoft Visual Studio Solution File, Format Version 12.00
# Visual Studio 2012
Project("{FAE04EC0-301F-11D3-BF4B-00C04F79EFBC}") = "FunctionPractice", "FunctionPractice\FunctionPractice.csproj", "{37D069FA-D943-4F39-A1DA-2A7A29C79190}"
EndProject
Global
	GlobalSection(SolutionConfigurationPlatforms) = preSolution
		Debug|Any CPU = Debug|Any CPU
		Release|Any CPU = Release|Any CPU
	EndGlobalSection
	GlobalSection(ProjectConfigurationPlatforms) = postSolution
		{37D069FA-D943-4F39-A1DA-2A7A29C79190}.Debug|Any CPU.ActiveCfg = Debug|Any CPU
		{37D069FA-D943-4F39-A1DA-2A7A29C79190}.Debug|Any CPU.Build.0 = Debug|Any CPU
		{37D069FA-D943-4F39-A1DA-2A7A29C79190}.Release|Any CPU.ActiveCfg = Release|Any CPU
		{37D069FA-D943-4F39-A1DA-2A7A29C79190}.Release|Any CPU.Build.0 = Release|Any CPU
	EndGlobalSection
	GlobalSection(SolutionProperties) = preSolution
		HideSolutionNode = FALSE
	EndGlobalSection
EndGlobal
